// !$*UTF8*$!
{
	archiveVersion = 1;
	classes = {
	};
	objectVersion = 46;
	objects = {

/* Begin PBXBuildFile section */
		40C944CB208B804F00A9C329 /* main.cpp in Sources */ = {isa = PBXBuildFile; fileRef = 40C944CA208B804F00A9C329 /* main.cpp */; };
		40C944D4208C92EA00A9C329 /* convolution.cl in Sources */ = {isa = PBXBuildFile; fileRef = 40C944D3208C92EA00A9C329 /* convolution.cl */; };
		40C944D8208C935A00A9C329 /* ImageUtil.cpp in Sources */ = {isa = PBXBuildFile; fileRef = 40C944D6208C935A00A9C329 /* ImageUtil.cpp */; };
		40D4E69E2095700C0078B32A /* FileUtil.cpp in Sources */ = {isa = PBXBuildFile; fileRef = 40D4E69C2095700C0078B32A /* FileUtil.cpp */; };
		40D4E6A72095B21A0078B32A /* ImageFilterApplierCLImpl.cpp in Sources */ = {isa = PBXBuildFile; fileRef = 40D4E6A52095B21A0078B32A /* ImageFilterApplierCLImpl.cpp */; };
/* End PBXBuildFile section */

/* Begin PBXCopyFilesBuildPhase section */
		40C944C5208B804F00A9C329 /* CopyFiles */ = {
			isa = PBXCopyFilesBuildPhase;
			buildActionMask = 2147483647;
			dstPath = /usr/share/man/man1/;
			dstSubfolderSpec = 0;
			files = (
			);
			runOnlyForDeploymentPostprocessing = 1;
		};
/* End PBXCopyFilesBuildPhase section */

/* Begin PBXFileReference section */
		40C944C7208B804F00A9C329 /* SobelEdgeDetector */ = {isa = PBXFileReference; explicitFileType = "compiled.mach-o.executable"; includeInIndex = 0; path = SobelEdgeDetector; sourceTree = BUILT_PRODUCTS_DIR; };
		40C944CA208B804F00A9C329 /* main.cpp */ = {isa = PBXFileReference; lastKnownFileType = sourcecode.cpp.cpp; path = main.cpp; sourceTree = "<group>"; };
		40C944D3208C92EA00A9C329 /* convolution.cl */ = {isa = PBXFileReference; fileEncoding = 4; lastKnownFileType = sourcecode.opencl; path = convolution.cl; sourceTree = "<group>"; };
		40C944D6208C935A00A9C329 /* ImageUtil.cpp */ = {isa = PBXFileReference; fileEncoding = 4; lastKnownFileType = sourcecode.cpp.cpp; path = ImageUtil.cpp; sourceTree = "<group>"; };
		40C944D7208C935A00A9C329 /* ImageUtil.h */ = {isa = PBXFileReference; fileEncoding = 4; lastKnownFileType = sourcecode.c.h; path = ImageUtil.h; sourceTree = "<group>"; };
		40C944DA208C93C900A9C329 /* Common.h */ = {isa = PBXFileReference; lastKnownFileType = sourcecode.c.h; path = Common.h; sourceTree = "<group>"; };
		40C944DB208C958E00A9C329 /* BmpImageModel.h */ = {isa = PBXFileReference; lastKnownFileType = sourcecode.c.h; path = BmpImageModel.h; sourceTree = "<group>"; };
		40D4E69C2095700C0078B32A /* FileUtil.cpp */ = {isa = PBXFileReference; fileEncoding = 4; lastKnownFileType = sourcecode.cpp.cpp; path = FileUtil.cpp; sourceTree = "<group>"; };
		40D4E69D2095700C0078B32A /* FileUtil.h */ = {isa = PBXFileReference; fileEncoding = 4; lastKnownFileType = sourcecode.c.h; path = FileUtil.h; sourceTree = "<group>"; };
		40D4E6A12095B03A0078B32A /* IImageFilterApplier.h */ = {isa = PBXFileReference; lastKnownFileType = sourcecode.c.h; path = IImageFilterApplier.h; sourceTree = "<group>"; };
		40D4E6A52095B21A0078B32A /* ImageFilterApplierCLImpl.cpp */ = {isa = PBXFileReference; fileEncoding = 4; lastKnownFileType = sourcecode.cpp.cpp; path = ImageFilterApplierCLImpl.cpp; sourceTree = "<group>"; };
		40D4E6A62095B21A0078B32A /* ImageFilterApplierCLImpl.h */ = {isa = PBXFileReference; fileEncoding = 4; lastKnownFileType = sourcecode.c.h; path = ImageFilterApplierCLImpl.h; sourceTree = "<group>"; };
		40D4E6A820970C520078B32A /* ConvolutionProgramModel.h */ = {isa = PBXFileReference; lastKnownFileType = sourcecode.c.h; path = ConvolutionProgramModel.h; sourceTree = "<group>"; };
/* End PBXFileReference section */

/* Begin PBXFrameworksBuildPhase section */
		40C944C4208B804F00A9C329 /* Frameworks */ = {
			isa = PBXFrameworksBuildPhase;
			buildActionMask = 2147483647;
			files = (
			);
			runOnlyForDeploymentPostprocessing = 0;
		};
/* End PBXFrameworksBuildPhase section */

/* Begin PBXGroup section */
		40C944BE208B804F00A9C329 = {
			isa = PBXGroup;
			children = (
				40C944C9208B804F00A9C329 /* SobelEdgeDetector */,
				40C944C8208B804F00A9C329 /* Products */,
			);
			sourceTree = "<group>";
		};
		40C944C8208B804F00A9C329 /* Products */ = {
			isa = PBXGroup;
			children = (
				40C944C7208B804F00A9C329 /* SobelEdgeDetector */,
			);
			name = Products;
			sourceTree = "<group>";
		};
		40C944C9208B804F00A9C329 /* SobelEdgeDetector */ = {
			isa = PBXGroup;
			children = (
				40C944D2208C87E100A9C329 /* host */,
				40C944D1208C87D300A9C329 /* kernel */,
				40C944CA208B804F00A9C329 /* main.cpp */,
			);
			path = SobelEdgeDetector;
			sourceTree = "<group>";
		};
		40C944D1208C87D300A9C329 /* kernel */ = {
			isa = PBXGroup;
			children = (
				40C944D3208C92EA00A9C329 /* convolution.cl */,
			);
			path = kernel;
			sourceTree = "<group>";
		};
		40C944D2208C87E100A9C329 /* host */ = {
			isa = PBXGroup;
			children = (
				40D4E6A02095AC740078B32A /* concrete */,
				40D4E69F2095AC680078B32A /* abstract */,
				40C944D9208C93B000A9C329 /* common */,
				40C944D5208C934500A9C329 /* util */,
			);
			path = host;
			sourceTree = "<group>";
		};
		40C944D5208C934500A9C329 /* util */ = {
			isa = PBXGroup;
			children = (
				40C944D6208C935A00A9C329 /* ImageUtil.cpp */,
				40C944D7208C935A00A9C329 /* ImageUtil.h */,
				40D4E69C2095700C0078B32A /* FileUtil.cpp */,
				40D4E69D2095700C0078B32A /* FileUtil.h */,
			);
			path = util;
			sourceTree = "<group>";
		};
		40C944D9208C93B000A9C329 /* common */ = {
			isa = PBXGroup;
			children = (
				40C944DA208C93C900A9C329 /* Common.h */,
				40C944DB208C958E00A9C329 /* BmpImageModel.h */,
			);
			path = common;
			sourceTree = "<group>";
		};
		40D4E69F2095AC680078B32A /* abstract */ = {
			isa = PBXGroup;
			children = (
				40D4E6A12095B03A0078B32A /* IImageFilterApplier.h */,
			);
			path = abstract;
			sourceTree = "<group>";
		};
		40D4E6A02095AC740078B32A /* concrete */ = {
			isa = PBXGroup;
			children = (
				40D4E6A52095B21A0078B32A /* ImageFilterApplierCLImpl.cpp */,
				40D4E6A62095B21A0078B32A /* ImageFilterApplierCLImpl.h */,
				40D4E6A820970C520078B32A /* ConvolutionProgramModel.h */,
			);
			path = concrete;
			sourceTree = "<group>";
		};
/* End PBXGroup section */

/* Begin PBXNativeTarget section */
		40C944C6208B804F00A9C329 /* SobelEdgeDetector */ = {
			isa = PBXNativeTarget;
			buildConfigurationList = 40C944CE208B804F00A9C329 /* Build configuration list for PBXNativeTarget "SobelEdgeDetector" */;
			buildPhases = (
				40C944C3208B804F00A9C329 /* Sources */,
				40C944C4208B804F00A9C329 /* Frameworks */,
				40C944C5208B804F00A9C329 /* CopyFiles */,
			);
			buildRules = (
			);
			dependencies = (
			);
			name = SobelEdgeDetector;
			productName = SobelEdgeDetector;
			productReference = 40C944C7208B804F00A9C329 /* SobelEdgeDetector */;
			productType = "com.apple.product-type.tool";
		};
/* End PBXNativeTarget section */

/* Begin PBXProject section */
		40C944BF208B804F00A9C329 /* Project object */ = {
			isa = PBXProject;
			attributes = {
				LastUpgradeCheck = 0720;
				ORGANIZATIONNAME = hpg;
				TargetAttributes = {
					40C944C6208B804F00A9C329 = {
						CreatedOnToolsVersion = 7.2;
					};
				};
			};
			buildConfigurationList = 40C944C2208B804F00A9C329 /* Build configuration list for PBXProject "SobelEdgeDetector" */;
			compatibilityVersion = "Xcode 3.2";
			developmentRegion = English;
			hasScannedForEncodings = 0;
			knownRegions = (
				en,
			);
			mainGroup = 40C944BE208B804F00A9C329;
			productRefGroup = 40C944C8208B804F00A9C329 /* Products */;
			projectDirPath = "";
			projectRoot = "";
			targets = (
				40C944C6208B804F00A9C329 /* SobelEdgeDetector */,
			);
		};
/* End PBXProject section */

/* Begin PBXSourcesBuildPhase section */
		40C944C3208B804F00A9C329 /* Sources */ = {
			isa = PBXSourcesBuildPhase;
			buildActionMask = 2147483647;
			files = (
				40C944D8208C935A00A9C329 /* ImageUtil.cpp in Sources */,
				40C944CB208B804F00A9C329 /* main.cpp in Sources */,
				40C944D4208C92EA00A9C329 /* convolution.cl in Sources */,
				40D4E6A72095B21A0078B32A /* ImageFilterApplierCLImpl.cpp in Sources */,
				40D4E69E2095700C0078B32A /* FileUtil.cpp in Sources */,
			);
			runOnlyForDeploymentPostprocessing = 0;
		};
/* End PBXSourcesBuildPhase section */

/* Begin XCBuildConfiguration section */
		40C944CC208B804F00A9C329 /* Debug */ = {
			isa = XCBuildConfiguration;
			buildSettings = {
				ALWAYS_SEARCH_USER_PATHS = NO;
				CLANG_CXX_LANGUAGE_STANDARD = "gnu++0x";
				CLANG_CXX_LIBRARY = "libc++";
				CLANG_ENABLE_MODULES = YES;
				CLANG_ENABLE_OBJC_ARC = YES;
				CLANG_WARN_BOOL_CONVERSION = YES;
				CLANG_WARN_CONSTANT_CONVERSION = YES;
				CLANG_WARN_DIRECT_OBJC_ISA_USAGE = YES_ERROR;
				CLANG_WARN_EMPTY_BODY = YES;
				CLANG_WARN_ENUM_CONVERSION = YES;
				CLANG_WARN_INT_CONVERSION = YES;
				CLANG_WARN_OBJC_ROOT_CLASS = YES_ERROR;
				CLANG_WARN_UNREACHABLE_CODE = YES;
				CLANG_WARN__DUPLICATE_METHOD_MATCH = YES;
				CODE_SIGN_IDENTITY = "-";
				COPY_PHASE_STRIP = NO;
				DEBUG_INFORMATION_FORMAT = dwarf;
				ENABLE_STRICT_OBJC_MSGSEND = YES;
				ENABLE_TESTABILITY = YES;
				GCC_C_LANGUAGE_STANDARD = gnu99;
				GCC_DYNAMIC_NO_PIC = NO;
				GCC_NO_COMMON_BLOCKS = YES;
				GCC_OPTIMIZATION_LEVEL = 0;
				GCC_PREPROCESSOR_DEFINITIONS = (
					"DEBUG=1",
					"$(inherited)",
				);
				GCC_WARN_64_TO_32_BIT_CONVERSION = YES;
				GCC_WARN_ABOUT_RETURN_TYPE = YES_ERROR;
				GCC_WARN_UNDECLARED_SELECTOR = YES;
				GCC_WARN_UNINITIALIZED_AUTOS = YES_AGGRESSIVE;
				GCC_WARN_UNUSED_FUNCTION = YES;
				GCC_WARN_UNUSED_VARIABLE = YES;
				MACOSX_DEPLOYMENT_TARGET = 10.11;
				MTL_ENABLE_DEBUG_INFO = YES;
				ONLY_ACTIVE_ARCH = YES;
				SDKROOT = macosx;
			};
			name = Debug;
		};
		40C944CD208B804F00A9C329 /* Release */ = {
			isa = XCBuildConfiguration;
			buildSettings = {
				ALWAYS_SEARCH_USER_PATHS = NO;
				CLANG_CXX_LANGUAGE_STANDARD = "gnu++0x";
				CLANG_CXX_LIBRARY = "libc++";
				CLANG_ENABLE_MODULES = YES;
				CLANG_ENABLE_OBJC_ARC = YES;
				CLANG_WARN_BOOL_CONVERSION = YES;
				CLANG_WARN_CONSTANT_CONVERSION = YES;
				CLANG_WARN_DIRECT_OBJC_ISA_USAGE = YES_ERROR;
				CLANG_WARN_EMPTY_BODY = YES;
				CLANG_WARN_ENUM_CONVERSION = YES;
				CLANG_WARN_INT_CONVERSION = YES;
				CLANG_WARN_OBJC_ROOT_CLASS = YES_ERROR;
				CLANG_WARN_UNREACHABLE_CODE = YES;
				CLANG_WARN__DUPLICATE_METHOD_MATCH = YES;
				CODE_SIGN_IDENTITY = "-";
				COPY_PHASE_STRIP = NO;
				DEBUG_INFORMATION_FORMAT = "dwarf-with-dsym";
				ENABLE_NS_ASSERTIONS = NO;
				ENABLE_STRICT_OBJC_MSGSEND = YES;
				GCC_C_LANGUAGE_STANDARD = gnu99;
				GCC_NO_COMMON_BLOCKS = YES;
				GCC_WARN_64_TO_32_BIT_CONVERSION = YES;
				GCC_WARN_ABOUT_RETURN_TYPE = YES_ERROR;
				GCC_WARN_UNDECLARED_SELECTOR = YES;
				GCC_WARN_UNINITIALIZED_AUTOS = YES_AGGRESSIVE;
				GCC_WARN_UNUSED_FUNCTION = YES;
				GCC_WARN_UNUSED_VARIABLE = YES;
				MACOSX_DEPLOYMENT_TARGET = 10.11;
				MTL_ENABLE_DEBUG_INFO = NO;
				SDKROOT = macosx;
			};
			name = Release;
		};
		40C944CF208B804F00A9C329 /* Debug */ = {
			isa = XCBuildConfiguration;
			buildSettings = {
				PRODUCT_NAME = "$(TARGET_NAME)";
			};
			name = Debug;
		};
		40C944D0208B804F00A9C329 /* Release */ = {
			isa = XCBuildConfiguration;
			buildSettings = {
				PRODUCT_NAME = "$(TARGET_NAME)";
			};
			name = Release;
		};
/* End XCBuildConfiguration section */

/* Begin XCConfigurationList section */
		40C944C2208B804F00A9C329 /* Build configuration list for PBXProject "SobelEdgeDetector" */ = {
			isa = XCConfigurationList;
			buildConfigurations = (
				40C944CC208B804F00A9C329 /* Debug */,
				40C944CD208B804F00A9C329 /* Release */,
			);
			defaultConfigurationIsVisible = 0;
			defaultConfigurationName = Release;
		};
		40C944CE208B804F00A9C329 /* Build configuration list for PBXNativeTarget "SobelEdgeDetector" */ = {
			isa = XCConfigurationList;
			buildConfigurations = (
				40C944CF208B804F00A9C329 /* Debug */,
				40C944D0208B804F00A9C329 /* Release */,
			);
			defaultConfigurationIsVisible = 0;
			defaultConfigurationName = Release;
		};
/* End XCConfigurationList section */
	};
	rootObject = 40C944BF208B804F00A9C329 /* Project object */;
}
