// !$*UTF8*$!
{
	archiveVersion = 1;
	classes = {
	};
	objectVersion = 46;
	objects = {

/* Begin PBXBuildFile section */
		4003F7D120304484002BED82 /* main.cpp in Sources */ = {isa = PBXBuildFile; fileRef = 4003F7D020304484002BED82 /* main.cpp */; };
		404C60F5205D23CB00028161 /* bitonic_sort.cl in Sources */ = {isa = PBXBuildFile; fileRef = 404C60F4205D23CB00028161 /* bitonic_sort.cl */; };
		405892652039343A0016CB28 /* bitonic_swap2.cl in Sources */ = {isa = PBXBuildFile; fileRef = 405892642039343A0016CB28 /* bitonic_swap2.cl */; };
		4058926E2039F50E0016CB28 /* libSimpleOpenCLLib.a in Frameworks */ = {isa = PBXBuildFile; fileRef = 405892622038B3490016CB28 /* libSimpleOpenCLLib.a */; };
		4081FCDB20821745001DC1BE /* bitonic_verticalarray_sort.cl in Sources */ = {isa = PBXBuildFile; fileRef = 4081FCDA20821745001DC1BE /* bitonic_verticalarray_sort.cl */; };
		4081FCDE20821CD4001DC1BE /* VerticalArrayBasedBitonicSorter.cpp in Sources */ = {isa = PBXBuildFile; fileRef = 4081FCDC20821CD4001DC1BE /* VerticalArrayBasedBitonicSorter.cpp */; };
		4081FCE220824A11001DC1BE /* IntHybridBitonicVerticalArraySolver.cpp in Sources */ = {isa = PBXBuildFile; fileRef = 4081FCE020824A11001DC1BE /* IntHybridBitonicVerticalArraySolver.cpp */; };
		4081FCE820824FF1001DC1BE /* IntVerticalArrayBasedBitonicSorter.cpp in Sources */ = {isa = PBXBuildFile; fileRef = 4081FCE620824FF1001DC1BE /* IntVerticalArrayBasedBitonicSorter.cpp */; };
		4081FCF8208252FA001DC1BE /* IntHybridBitonicBlockSolver.cpp in Sources */ = {isa = PBXBuildFile; fileRef = 4081FCF2208252FA001DC1BE /* IntHybridBitonicBlockSolver.cpp */; };
		4081FCF9208252FA001DC1BE /* IntSimpleBitonicBlockBasedSorter.cpp in Sources */ = {isa = PBXBuildFile; fileRef = 4081FCF5208252FA001DC1BE /* IntSimpleBitonicBlockBasedSorter.cpp */; };
		4081FCFA208252FA001DC1BE /* IntBitonicGPUSorter.cpp in Sources */ = {isa = PBXBuildFile; fileRef = 4081FCF6208252FA001DC1BE /* IntBitonicGPUSorter.cpp */; };
		4081FD0120825304001DC1BE /* SimpleBitonicBlockBasedSorter.cpp in Sources */ = {isa = PBXBuildFile; fileRef = 4081FCFB20825304001DC1BE /* SimpleBitonicBlockBasedSorter.cpp */; };
		4081FD0220825304001DC1BE /* SortingNetworkBasedBitonicSorter.cpp in Sources */ = {isa = PBXBuildFile; fileRef = 4081FCFD20825304001DC1BE /* SortingNetworkBasedBitonicSorter.cpp */; };
		4081FD0320825304001DC1BE /* SortingNetworkBasedIntBitonicSorter.cpp in Sources */ = {isa = PBXBuildFile; fileRef = 4081FCFF20825304001DC1BE /* SortingNetworkBasedIntBitonicSorter.cpp */; };
		4081FD0820825424001DC1BE /* IntSortingNetworkGPUImpl.cpp in Sources */ = {isa = PBXBuildFile; fileRef = 4081FD0420825424001DC1BE /* IntSortingNetworkGPUImpl.cpp */; };
		4081FD0920825424001DC1BE /* IntSortingNetworkCPUImpl.cpp in Sources */ = {isa = PBXBuildFile; fileRef = 4081FD0720825424001DC1BE /* IntSortingNetworkCPUImpl.cpp */; };
		4081FD0C2082542C001DC1BE /* SortingNetworkImpl.cpp in Sources */ = {isa = PBXBuildFile; fileRef = 4081FD0B2082542C001DC1BE /* SortingNetworkImpl.cpp */; };
		4081FD0F208271CC001DC1BE /* IntGPUBitonicVerticalArraySolver.cpp in Sources */ = {isa = PBXBuildFile; fileRef = 4081FD0D208271CC001DC1BE /* IntGPUBitonicVerticalArraySolver.cpp */; };
		40ACB747206657A40090369A /* bitonic_sort2.cl in Sources */ = {isa = PBXBuildFile; fileRef = 40ACB746206657A40090369A /* bitonic_sort2.cl */; };
/* End PBXBuildFile section */

/* Begin PBXCopyFilesBuildPhase section */
		4003F7CB20304484002BED82 /* CopyFiles */ = {
			isa = PBXCopyFilesBuildPhase;
			buildActionMask = 2147483647;
			dstPath = /usr/share/man/man1/;
			dstSubfolderSpec = 0;
			files = (
			);
			runOnlyForDeploymentPostprocessing = 1;
		};
/* End PBXCopyFilesBuildPhase section */

/* Begin PBXFileReference section */
		4003F7CD20304484002BED82 /* BitonicSortOpenCL */ = {isa = PBXFileReference; explicitFileType = "compiled.mach-o.executable"; includeInIndex = 0; path = BitonicSortOpenCL; sourceTree = BUILT_PRODUCTS_DIR; };
		4003F7D020304484002BED82 /* main.cpp */ = {isa = PBXFileReference; lastKnownFileType = sourcecode.cpp.cpp; path = main.cpp; sourceTree = "<group>"; };
		404C60F4205D23CB00028161 /* bitonic_sort.cl */ = {isa = PBXFileReference; fileEncoding = 4; lastKnownFileType = sourcecode.opencl; path = bitonic_sort.cl; sourceTree = "<group>"; };
		404C60FF205D714600028161 /* ISorter.h */ = {isa = PBXFileReference; lastKnownFileType = sourcecode.c.h; path = ISorter.h; sourceTree = "<group>"; };
		404C6102205D74DC00028161 /* Common.h */ = {isa = PBXFileReference; fileEncoding = 4; lastKnownFileType = sourcecode.c.h; path = Common.h; sourceTree = "<group>"; };
		404C6103205D74E900028161 /* SortingNetwork.h */ = {isa = PBXFileReference; fileEncoding = 4; lastKnownFileType = sourcecode.c.h; path = SortingNetwork.h; sourceTree = "<group>"; };
		405892622038B3490016CB28 /* libSimpleOpenCLLib.a */ = {isa = PBXFileReference; lastKnownFileType = archive.ar; name = libSimpleOpenCLLib.a; path = ../SimpleOpenCLLib/output/Build/Products/Debug/libSimpleOpenCLLib.a; sourceTree = "<group>"; };
		405892642039343A0016CB28 /* bitonic_swap2.cl */ = {isa = PBXFileReference; fileEncoding = 4; lastKnownFileType = sourcecode.opencl; path = bitonic_swap2.cl; sourceTree = "<group>"; };
		4081FCDA20821745001DC1BE /* bitonic_verticalarray_sort.cl */ = {isa = PBXFileReference; fileEncoding = 4; lastKnownFileType = sourcecode.opencl; path = bitonic_verticalarray_sort.cl; sourceTree = "<group>"; };
		4081FCDC20821CD4001DC1BE /* VerticalArrayBasedBitonicSorter.cpp */ = {isa = PBXFileReference; fileEncoding = 4; lastKnownFileType = sourcecode.cpp.cpp; path = VerticalArrayBasedBitonicSorter.cpp; sourceTree = "<group>"; };
		4081FCDD20821CD4001DC1BE /* VerticalArrayBasedBitonicSorter.h */ = {isa = PBXFileReference; fileEncoding = 4; lastKnownFileType = sourcecode.c.h; path = VerticalArrayBasedBitonicSorter.h; sourceTree = "<group>"; };
		4081FCDF20821D8C001DC1BE /* IBitonicVerticalArraySolver.h */ = {isa = PBXFileReference; lastKnownFileType = sourcecode.c.h; path = IBitonicVerticalArraySolver.h; sourceTree = "<group>"; };
		4081FCE020824A11001DC1BE /* IntHybridBitonicVerticalArraySolver.cpp */ = {isa = PBXFileReference; fileEncoding = 4; lastKnownFileType = sourcecode.cpp.cpp; path = IntHybridBitonicVerticalArraySolver.cpp; sourceTree = "<group>"; };
		4081FCE120824A11001DC1BE /* IntHybridBitonicVerticalArraySolver.h */ = {isa = PBXFileReference; fileEncoding = 4; lastKnownFileType = sourcecode.c.h; path = IntHybridBitonicVerticalArraySolver.h; sourceTree = "<group>"; };
		4081FCE620824FF1001DC1BE /* IntVerticalArrayBasedBitonicSorter.cpp */ = {isa = PBXFileReference; fileEncoding = 4; lastKnownFileType = sourcecode.cpp.cpp; path = IntVerticalArrayBasedBitonicSorter.cpp; sourceTree = "<group>"; };
		4081FCE720824FF1001DC1BE /* IntVerticalArrayBasedBitonicSorter.h */ = {isa = PBXFileReference; fileEncoding = 4; lastKnownFileType = sourcecode.c.h; path = IntVerticalArrayBasedBitonicSorter.h; sourceTree = "<group>"; };
		4081FCF2208252FA001DC1BE /* IntHybridBitonicBlockSolver.cpp */ = {isa = PBXFileReference; fileEncoding = 4; lastKnownFileType = sourcecode.cpp.cpp; path = IntHybridBitonicBlockSolver.cpp; sourceTree = "<group>"; };
		4081FCF3208252FA001DC1BE /* IntHybridBitonicBlockSolver.h */ = {isa = PBXFileReference; fileEncoding = 4; lastKnownFileType = sourcecode.c.h; path = IntHybridBitonicBlockSolver.h; sourceTree = "<group>"; };
		4081FCF4208252FA001DC1BE /* IntSimpleBitonicBlockBasedSorter.h */ = {isa = PBXFileReference; fileEncoding = 4; lastKnownFileType = sourcecode.c.h; path = IntSimpleBitonicBlockBasedSorter.h; sourceTree = "<group>"; };
		4081FCF5208252FA001DC1BE /* IntSimpleBitonicBlockBasedSorter.cpp */ = {isa = PBXFileReference; fileEncoding = 4; lastKnownFileType = sourcecode.cpp.cpp; path = IntSimpleBitonicBlockBasedSorter.cpp; sourceTree = "<group>"; };
		4081FCF6208252FA001DC1BE /* IntBitonicGPUSorter.cpp */ = {isa = PBXFileReference; fileEncoding = 4; lastKnownFileType = sourcecode.cpp.cpp; path = IntBitonicGPUSorter.cpp; sourceTree = "<group>"; };
		4081FCF7208252FA001DC1BE /* IntBitonicGPUSorter.h */ = {isa = PBXFileReference; fileEncoding = 4; lastKnownFileType = sourcecode.c.h; path = IntBitonicGPUSorter.h; sourceTree = "<group>"; };
		4081FCFB20825304001DC1BE /* SimpleBitonicBlockBasedSorter.cpp */ = {isa = PBXFileReference; fileEncoding = 4; lastKnownFileType = sourcecode.cpp.cpp; path = SimpleBitonicBlockBasedSorter.cpp; sourceTree = "<group>"; };
		4081FCFC20825304001DC1BE /* SimpleBitonicBlockBasedSorter.h */ = {isa = PBXFileReference; fileEncoding = 4; lastKnownFileType = sourcecode.c.h; path = SimpleBitonicBlockBasedSorter.h; sourceTree = "<group>"; };
		4081FCFD20825304001DC1BE /* SortingNetworkBasedBitonicSorter.cpp */ = {isa = PBXFileReference; fileEncoding = 4; lastKnownFileType = sourcecode.cpp.cpp; path = SortingNetworkBasedBitonicSorter.cpp; sourceTree = "<group>"; };
		4081FCFE20825304001DC1BE /* SortingNetworkBasedBitonicSorter.h */ = {isa = PBXFileReference; fileEncoding = 4; lastKnownFileType = sourcecode.c.h; path = SortingNetworkBasedBitonicSorter.h; sourceTree = "<group>"; };
		4081FCFF20825304001DC1BE /* SortingNetworkBasedIntBitonicSorter.cpp */ = {isa = PBXFileReference; fileEncoding = 4; lastKnownFileType = sourcecode.cpp.cpp; path = SortingNetworkBasedIntBitonicSorter.cpp; sourceTree = "<group>"; };
		4081FD0020825304001DC1BE /* SortingNetworkBasedIntBitonicSorter.h */ = {isa = PBXFileReference; fileEncoding = 4; lastKnownFileType = sourcecode.c.h; path = SortingNetworkBasedIntBitonicSorter.h; sourceTree = "<group>"; };
		4081FD0420825424001DC1BE /* IntSortingNetworkGPUImpl.cpp */ = {isa = PBXFileReference; fileEncoding = 4; lastKnownFileType = sourcecode.cpp.cpp; path = IntSortingNetworkGPUImpl.cpp; sourceTree = "<group>"; };
		4081FD0520825424001DC1BE /* IntSortingNetworkGPUImpl.h */ = {isa = PBXFileReference; fileEncoding = 4; lastKnownFileType = sourcecode.c.h; path = IntSortingNetworkGPUImpl.h; sourceTree = "<group>"; };
		4081FD0620825424001DC1BE /* IntSortingNetworkCPUImpl.h */ = {isa = PBXFileReference; fileEncoding = 4; lastKnownFileType = sourcecode.c.h; path = IntSortingNetworkCPUImpl.h; sourceTree = "<group>"; };
		4081FD0720825424001DC1BE /* IntSortingNetworkCPUImpl.cpp */ = {isa = PBXFileReference; fileEncoding = 4; lastKnownFileType = sourcecode.cpp.cpp; path = IntSortingNetworkCPUImpl.cpp; sourceTree = "<group>"; };
		4081FD0A2082542C001DC1BE /* SortingNetworkImpl.h */ = {isa = PBXFileReference; fileEncoding = 4; lastKnownFileType = sourcecode.c.h; path = SortingNetworkImpl.h; sourceTree = "<group>"; };
		4081FD0B2082542C001DC1BE /* SortingNetworkImpl.cpp */ = {isa = PBXFileReference; fileEncoding = 4; lastKnownFileType = sourcecode.cpp.cpp; path = SortingNetworkImpl.cpp; sourceTree = "<group>"; };
		4081FD0D208271CC001DC1BE /* IntGPUBitonicVerticalArraySolver.cpp */ = {isa = PBXFileReference; fileEncoding = 4; lastKnownFileType = sourcecode.cpp.cpp; path = IntGPUBitonicVerticalArraySolver.cpp; sourceTree = "<group>"; };
		4081FD0E208271CC001DC1BE /* IntGPUBitonicVerticalArraySolver.h */ = {isa = PBXFileReference; fileEncoding = 4; lastKnownFileType = sourcecode.c.h; path = IntGPUBitonicVerticalArraySolver.h; sourceTree = "<group>"; };
		4081FD102084FE0A001DC1BE /* BitonicVerticalArrayInfo.h */ = {isa = PBXFileReference; lastKnownFileType = sourcecode.c.h; path = BitonicVerticalArrayInfo.h; sourceTree = "<group>"; };
		4081FD1120850496001DC1BE /* IBitonicVerticalArraySolverFactory.h */ = {isa = PBXFileReference; lastKnownFileType = sourcecode.c.h; path = IBitonicVerticalArraySolverFactory.h; sourceTree = "<group>"; };
		4081FD122088EA6D001DC1BE /* BitonicVerticalArrayData.h */ = {isa = PBXFileReference; lastKnownFileType = sourcecode.c.h; path = BitonicVerticalArrayData.h; sourceTree = "<group>"; };
		40ACB746206657A40090369A /* bitonic_sort2.cl */ = {isa = PBXFileReference; fileEncoding = 4; lastKnownFileType = sourcecode.opencl; path = bitonic_sort2.cl; sourceTree = "<group>"; };
		40ACB7492066BC390090369A /* BitonicBlock.h */ = {isa = PBXFileReference; lastKnownFileType = sourcecode.c.h; path = BitonicBlock.h; sourceTree = "<group>"; };
		40ACB74A2066C3A80090369A /* IBitonicBlockSolver.h */ = {isa = PBXFileReference; lastKnownFileType = sourcecode.c.h; path = IBitonicBlockSolver.h; sourceTree = "<group>"; };
/* End PBXFileReference section */

/* Begin PBXFrameworksBuildPhase section */
		4003F7CA20304484002BED82 /* Frameworks */ = {
			isa = PBXFrameworksBuildPhase;
			buildActionMask = 2147483647;
			files = (
				4058926E2039F50E0016CB28 /* libSimpleOpenCLLib.a in Frameworks */,
			);
			runOnlyForDeploymentPostprocessing = 0;
		};
/* End PBXFrameworksBuildPhase section */

/* Begin PBXGroup section */
		4003F7C420304484002BED82 = {
			isa = PBXGroup;
			children = (
				405892622038B3490016CB28 /* libSimpleOpenCLLib.a */,
				4003F7CF20304484002BED82 /* BitonicSortOpenCL */,
				4003F7CE20304484002BED82 /* Products */,
			);
			sourceTree = "<group>";
		};
		4003F7CE20304484002BED82 /* Products */ = {
			isa = PBXGroup;
			children = (
				4003F7CD20304484002BED82 /* BitonicSortOpenCL */,
			);
			name = Products;
			sourceTree = "<group>";
		};
		4003F7CF20304484002BED82 /* BitonicSortOpenCL */ = {
			isa = PBXGroup;
			children = (
				4003F7DA203045D7002BED82 /* kernel */,
				4003F7D020304484002BED82 /* main.cpp */,
			);
			path = BitonicSortOpenCL;
			sourceTree = "<group>";
		};
		4003F7D9203045D0002BED82 /* classes */ = {
			isa = PBXGroup;
			children = (
				40ACB7482066BB5F0090369A /* dto */,
				404C6101205D741400028161 /* common */,
				404C60FE205D711C00028161 /* implement */,
				404C60FD205D711000028161 /* abstract */,
			);
			name = classes;
			sourceTree = "<group>";
		};
		4003F7DA203045D7002BED82 /* kernel */ = {
			isa = PBXGroup;
			children = (
				40ACB746206657A40090369A /* bitonic_sort2.cl */,
				405892642039343A0016CB28 /* bitonic_swap2.cl */,
				4081FCDA20821745001DC1BE /* bitonic_verticalarray_sort.cl */,
				404C60F4205D23CB00028161 /* bitonic_sort.cl */,
				4003F7D9203045D0002BED82 /* classes */,
			);
			name = kernel;
			sourceTree = "<group>";
		};
		40221C3C2067B06700C3909D /* generic */ = {
			isa = PBXGroup;
			children = (
				4081FD0A2082542C001DC1BE /* SortingNetworkImpl.h */,
				4081FD0B2082542C001DC1BE /* SortingNetworkImpl.cpp */,
			);
			path = generic;
			sourceTree = "<group>";
		};
		40221C3D2067B07400C3909D /* int */ = {
			isa = PBXGroup;
			children = (
				4081FD0420825424001DC1BE /* IntSortingNetworkGPUImpl.cpp */,
				4081FD0520825424001DC1BE /* IntSortingNetworkGPUImpl.h */,
				4081FD0620825424001DC1BE /* IntSortingNetworkCPUImpl.h */,
				4081FD0720825424001DC1BE /* IntSortingNetworkCPUImpl.cpp */,
			);
			path = int;
			sourceTree = "<group>";
		};
		40221C3E2067B09F00C3909D /* generic */ = {
			isa = PBXGroup;
			children = (
				4081FCFB20825304001DC1BE /* SimpleBitonicBlockBasedSorter.cpp */,
				4081FCFC20825304001DC1BE /* SimpleBitonicBlockBasedSorter.h */,
				4081FCFD20825304001DC1BE /* SortingNetworkBasedBitonicSorter.cpp */,
				4081FCFE20825304001DC1BE /* SortingNetworkBasedBitonicSorter.h */,
				4081FCFF20825304001DC1BE /* SortingNetworkBasedIntBitonicSorter.cpp */,
				4081FD0020825304001DC1BE /* SortingNetworkBasedIntBitonicSorter.h */,
				4081FCDC20821CD4001DC1BE /* VerticalArrayBasedBitonicSorter.cpp */,
				4081FCDD20821CD4001DC1BE /* VerticalArrayBasedBitonicSorter.h */,
			);
			path = generic;
			sourceTree = "<group>";
		};
		40221C3F2067B0A900C3909D /* int */ = {
			isa = PBXGroup;
			children = (
				4081FCF2208252FA001DC1BE /* IntHybridBitonicBlockSolver.cpp */,
				4081FCF3208252FA001DC1BE /* IntHybridBitonicBlockSolver.h */,
				4081FCF4208252FA001DC1BE /* IntSimpleBitonicBlockBasedSorter.h */,
				4081FCF5208252FA001DC1BE /* IntSimpleBitonicBlockBasedSorter.cpp */,
				4081FCF6208252FA001DC1BE /* IntBitonicGPUSorter.cpp */,
				4081FCF7208252FA001DC1BE /* IntBitonicGPUSorter.h */,
				4081FCE020824A11001DC1BE /* IntHybridBitonicVerticalArraySolver.cpp */,
				4081FCE120824A11001DC1BE /* IntHybridBitonicVerticalArraySolver.h */,
				4081FCE620824FF1001DC1BE /* IntVerticalArrayBasedBitonicSorter.cpp */,
				4081FCE720824FF1001DC1BE /* IntVerticalArrayBasedBitonicSorter.h */,
				4081FD0D208271CC001DC1BE /* IntGPUBitonicVerticalArraySolver.cpp */,
				4081FD0E208271CC001DC1BE /* IntGPUBitonicVerticalArraySolver.h */,
			);
			path = int;
			sourceTree = "<group>";
		};
		404C60FD205D711000028161 /* abstract */ = {
			isa = PBXGroup;
			children = (
				404C6103205D74E900028161 /* SortingNetwork.h */,
				404C60FF205D714600028161 /* ISorter.h */,
				40ACB74A2066C3A80090369A /* IBitonicBlockSolver.h */,
				4081FCDF20821D8C001DC1BE /* IBitonicVerticalArraySolver.h */,
				4081FD1120850496001DC1BE /* IBitonicVerticalArraySolverFactory.h */,
			);
			path = abstract;
			sourceTree = "<group>";
		};
		404C60FE205D711C00028161 /* implement */ = {
			isa = PBXGroup;
			children = (
				4078716A205D769F001C9E06 /* network */,
				40787169205D7696001C9E06 /* sorter */,
			);
			path = implement;
			sourceTree = "<group>";
		};
		404C6101205D741400028161 /* common */ = {
			isa = PBXGroup;
			children = (
				404C6102205D74DC00028161 /* Common.h */,
			);
			path = common;
			sourceTree = "<group>";
		};
		40787169205D7696001C9E06 /* sorter */ = {
			isa = PBXGroup;
			children = (
				40221C3F2067B0A900C3909D /* int */,
				40221C3E2067B09F00C3909D /* generic */,
			);
			path = sorter;
			sourceTree = "<group>";
		};
		4078716A205D769F001C9E06 /* network */ = {
			isa = PBXGroup;
			children = (
				40221C3D2067B07400C3909D /* int */,
				40221C3C2067B06700C3909D /* generic */,
			);
			path = network;
			sourceTree = "<group>";
		};
		40ACB7482066BB5F0090369A /* dto */ = {
			isa = PBXGroup;
			children = (
				40ACB7492066BC390090369A /* BitonicBlock.h */,
				4081FD102084FE0A001DC1BE /* BitonicVerticalArrayInfo.h */,
				4081FD122088EA6D001DC1BE /* BitonicVerticalArrayData.h */,
			);
			path = dto;
			sourceTree = "<group>";
		};
/* End PBXGroup section */

/* Begin PBXNativeTarget section */
		4003F7CC20304484002BED82 /* BitonicSortOpenCL */ = {
			isa = PBXNativeTarget;
			buildConfigurationList = 4003F7D420304484002BED82 /* Build configuration list for PBXNativeTarget "BitonicSortOpenCL" */;
			buildPhases = (
				4003F7C920304484002BED82 /* Sources */,
				4003F7CA20304484002BED82 /* Frameworks */,
				4003F7CB20304484002BED82 /* CopyFiles */,
			);
			buildRules = (
			);
			dependencies = (
			);
			name = BitonicSortOpenCL;
			productName = BitonicSortOpenCL;
			productReference = 4003F7CD20304484002BED82 /* BitonicSortOpenCL */;
			productType = "com.apple.product-type.tool";
		};
/* End PBXNativeTarget section */

/* Begin PBXProject section */
		4003F7C520304484002BED82 /* Project object */ = {
			isa = PBXProject;
			attributes = {
				LastUpgradeCheck = 0720;
				ORGANIZATIONNAME = tbg;
				TargetAttributes = {
					4003F7CC20304484002BED82 = {
						CreatedOnToolsVersion = 7.2;
					};
				};
			};
			buildConfigurationList = 4003F7C820304484002BED82 /* Build configuration list for PBXProject "BitonicSortOpenCL" */;
			compatibilityVersion = "Xcode 3.2";
			developmentRegion = English;
			hasScannedForEncodings = 0;
			knownRegions = (
				en,
			);
			mainGroup = 4003F7C420304484002BED82;
			productRefGroup = 4003F7CE20304484002BED82 /* Products */;
			projectDirPath = "";
			projectRoot = "";
			targets = (
				4003F7CC20304484002BED82 /* BitonicSortOpenCL */,
			);
		};
/* End PBXProject section */

/* Begin PBXSourcesBuildPhase section */
		4003F7C920304484002BED82 /* Sources */ = {
			isa = PBXSourcesBuildPhase;
			buildActionMask = 2147483647;
			files = (
				4081FD0F208271CC001DC1BE /* IntGPUBitonicVerticalArraySolver.cpp in Sources */,
				4081FCE220824A11001DC1BE /* IntHybridBitonicVerticalArraySolver.cpp in Sources */,
				4081FD0820825424001DC1BE /* IntSortingNetworkGPUImpl.cpp in Sources */,
				4081FD0920825424001DC1BE /* IntSortingNetworkCPUImpl.cpp in Sources */,
				4081FCE820824FF1001DC1BE /* IntVerticalArrayBasedBitonicSorter.cpp in Sources */,
				4081FCF9208252FA001DC1BE /* IntSimpleBitonicBlockBasedSorter.cpp in Sources */,
				4081FCFA208252FA001DC1BE /* IntBitonicGPUSorter.cpp in Sources */,
				4081FCF8208252FA001DC1BE /* IntHybridBitonicBlockSolver.cpp in Sources */,
				405892652039343A0016CB28 /* bitonic_swap2.cl in Sources */,
				4081FD0320825304001DC1BE /* SortingNetworkBasedIntBitonicSorter.cpp in Sources */,
				4081FD0120825304001DC1BE /* SimpleBitonicBlockBasedSorter.cpp in Sources */,
				40ACB747206657A40090369A /* bitonic_sort2.cl in Sources */,
				4081FCDB20821745001DC1BE /* bitonic_verticalarray_sort.cl in Sources */,
				4081FD0C2082542C001DC1BE /* SortingNetworkImpl.cpp in Sources */,
				4081FD0220825304001DC1BE /* SortingNetworkBasedBitonicSorter.cpp in Sources */,
				404C60F5205D23CB00028161 /* bitonic_sort.cl in Sources */,
				4003F7D120304484002BED82 /* main.cpp in Sources */,
				4081FCDE20821CD4001DC1BE /* VerticalArrayBasedBitonicSorter.cpp in Sources */,
			);
			runOnlyForDeploymentPostprocessing = 0;
		};
/* End PBXSourcesBuildPhase section */

/* Begin XCBuildConfiguration section */
		4003F7D220304484002BED82 /* Debug */ = {
			isa = XCBuildConfiguration;
			buildSettings = {
				ALWAYS_SEARCH_USER_PATHS = NO;
				CLANG_CXX_LANGUAGE_STANDARD = "gnu++0x";
				CLANG_CXX_LIBRARY = "libc++";
				CLANG_ENABLE_MODULES = YES;
				CLANG_ENABLE_OBJC_ARC = YES;
				CLANG_WARN_BOOL_CONVERSION = YES;
				CLANG_WARN_CONSTANT_CONVERSION = YES;
				CLANG_WARN_DIRECT_OBJC_ISA_USAGE = YES_ERROR;
				CLANG_WARN_EMPTY_BODY = YES;
				CLANG_WARN_ENUM_CONVERSION = YES;
				CLANG_WARN_INT_CONVERSION = YES;
				CLANG_WARN_OBJC_ROOT_CLASS = YES_ERROR;
				CLANG_WARN_UNREACHABLE_CODE = YES;
				CLANG_WARN__DUPLICATE_METHOD_MATCH = YES;
				CODE_SIGN_IDENTITY = "-";
				COPY_PHASE_STRIP = NO;
				DEBUG_INFORMATION_FORMAT = dwarf;
				ENABLE_STRICT_OBJC_MSGSEND = YES;
				ENABLE_TESTABILITY = YES;
				GCC_C_LANGUAGE_STANDARD = gnu99;
				GCC_DYNAMIC_NO_PIC = NO;
				GCC_NO_COMMON_BLOCKS = YES;
				GCC_OPTIMIZATION_LEVEL = 0;
				GCC_PREPROCESSOR_DEFINITIONS = (
					"DEBUG=1",
					"$(inherited)",
				);
				GCC_WARN_64_TO_32_BIT_CONVERSION = YES;
				GCC_WARN_ABOUT_RETURN_TYPE = YES_ERROR;
				GCC_WARN_UNDECLARED_SELECTOR = YES;
				GCC_WARN_UNINITIALIZED_AUTOS = YES_AGGRESSIVE;
				GCC_WARN_UNUSED_FUNCTION = YES;
				GCC_WARN_UNUSED_VARIABLE = YES;
				MACOSX_DEPLOYMENT_TARGET = 10.11;
				MTL_ENABLE_DEBUG_INFO = YES;
				ONLY_ACTIVE_ARCH = YES;
				SDKROOT = macosx;
			};
			name = Debug;
		};
		4003F7D320304484002BED82 /* Release */ = {
			isa = XCBuildConfiguration;
			buildSettings = {
				ALWAYS_SEARCH_USER_PATHS = NO;
				CLANG_CXX_LANGUAGE_STANDARD = "gnu++0x";
				CLANG_CXX_LIBRARY = "libc++";
				CLANG_ENABLE_MODULES = YES;
				CLANG_ENABLE_OBJC_ARC = YES;
				CLANG_WARN_BOOL_CONVERSION = YES;
				CLANG_WARN_CONSTANT_CONVERSION = YES;
				CLANG_WARN_DIRECT_OBJC_ISA_USAGE = YES_ERROR;
				CLANG_WARN_EMPTY_BODY = YES;
				CLANG_WARN_ENUM_CONVERSION = YES;
				CLANG_WARN_INT_CONVERSION = YES;
				CLANG_WARN_OBJC_ROOT_CLASS = YES_ERROR;
				CLANG_WARN_UNREACHABLE_CODE = YES;
				CLANG_WARN__DUPLICATE_METHOD_MATCH = YES;
				CODE_SIGN_IDENTITY = "-";
				COPY_PHASE_STRIP = NO;
				DEBUG_INFORMATION_FORMAT = "dwarf-with-dsym";
				ENABLE_NS_ASSERTIONS = NO;
				ENABLE_STRICT_OBJC_MSGSEND = YES;
				GCC_C_LANGUAGE_STANDARD = gnu99;
				GCC_NO_COMMON_BLOCKS = YES;
				GCC_WARN_64_TO_32_BIT_CONVERSION = YES;
				GCC_WARN_ABOUT_RETURN_TYPE = YES_ERROR;
				GCC_WARN_UNDECLARED_SELECTOR = YES;
				GCC_WARN_UNINITIALIZED_AUTOS = YES_AGGRESSIVE;
				GCC_WARN_UNUSED_FUNCTION = YES;
				GCC_WARN_UNUSED_VARIABLE = YES;
				MACOSX_DEPLOYMENT_TARGET = 10.11;
				MTL_ENABLE_DEBUG_INFO = NO;
				SDKROOT = macosx;
			};
			name = Release;
		};
		4003F7D520304484002BED82 /* Debug */ = {
			isa = XCBuildConfiguration;
			buildSettings = {
				GCC_OPTIMIZATION_LEVEL = 3;
				"LIBRARY_SEARCH_PATHS[arch=*]" = "/Users/wws2003/neo-c++/SimpleOpenCLLib/output/Build/Products/Debug";
				PRODUCT_NAME = "$(TARGET_NAME)";
				"USER_HEADER_SEARCH_PATHS[arch=*]" = "/Users/wws2003/neo-c++/SimpleOpenCLLib/header/common /Users/wws2003/neo-c++/SimpleOpenCLLib/header/abstract /Users/wws2003/neo-c++/SimpleOpenCLLib/header/concrete";
			};
			name = Debug;
		};
		4003F7D620304484002BED82 /* Release */ = {
			isa = XCBuildConfiguration;
			buildSettings = {
				"LIBRARY_SEARCH_PATHS[arch=*]" = "/Users/wws2003/neo-c++/SimpleOpenCLLib/output/Build/Products/Debug";
				PRODUCT_NAME = "$(TARGET_NAME)";
				"USER_HEADER_SEARCH_PATHS[arch=*]" = "/Users/wws2003/neo-c++/SimpleOpenCLLib/header/common /Users/wws2003/neo-c++/SimpleOpenCLLib/header/abstract /Users/wws2003/neo-c++/SimpleOpenCLLib/header/concrete";
			};
			name = Release;
		};
/* End XCBuildConfiguration section */

/* Begin XCConfigurationList section */
		4003F7C820304484002BED82 /* Build configuration list for PBXProject "BitonicSortOpenCL" */ = {
			isa = XCConfigurationList;
			buildConfigurations = (
				4003F7D220304484002BED82 /* Debug */,
				4003F7D320304484002BED82 /* Release */,
			);
			defaultConfigurationIsVisible = 0;
			defaultConfigurationName = Release;
		};
		4003F7D420304484002BED82 /* Build configuration list for PBXNativeTarget "BitonicSortOpenCL" */ = {
			isa = XCConfigurationList;
			buildConfigurations = (
				4003F7D520304484002BED82 /* Debug */,
				4003F7D620304484002BED82 /* Release */,
			);
			defaultConfigurationIsVisible = 0;
			defaultConfigurationName = Release;
		};
/* End XCConfigurationList section */
	};
	rootObject = 4003F7C520304484002BED82 /* Project object */;
}
